lockfile_version: '1'
generated_at: '2026-04-22T13:21:28.955255+00:00'
apm_version: 0.9.1
dependencies:
- repo_url: anthropics/skills
  host: github.com
  resolved_commit: b9e19e6f44773509fbdd7001d77ff41a49a486c1
  virtual_path: skills/frontend-design
  is_virtual: true
  package_type: claude_skill
  deployed_files:
  - .agents/skills/frontend-design
  - .claude/skills/frontend-design
  content_hash: sha256:063a0e6448123cd359ad0044cc46b0e490cc7964d45ef4bb9fd842bd2ffbca67
- repo_url: juspay/skills
  host: github.com
  resolved_commit: 39020c4a3aba48694e5b482f749aeb56b55ea644
  virtual_path: skills/nix-justfile
  is_virtual: true
  package_type: claude_skill
  deployed_files:
  - .agents/skills/nix-justfile
  - .claude/skills/nix-justfile
  content_hash: sha256:8f48e067e59da48c3ac90b4e2228ebb4ecfd988375b40efe831339d9a493accd
- repo_url: srid/agency
  host: github.com
  resolved_commit: 84fbf4c80dea64fe895cd4a9447263a5d0e04f67
  resolved_ref: master
  package_type: apm_package
  deployed_files:
  - .agents/skills/code-police
  - .agents/skills/do
  - .agents/skills/elegance
  - .agents/skills/fact-check
  - .agents/skills/forge-pr
  - .agents/skills/hickey
  - .agents/skills/lowy
  - .agents/skills/ralph
  - .claude/agents/hickey.md
  - .claude/agents/lowy.md
  - .claude/commands/talk.md
  - .claude/hooks/agency/scripts/do-stop-guard.sh
  - .claude/rules/apm-sources.md
  - .claude/skills/code-police
  - .claude/skills/do
  - .claude/skills/elegance
  - .claude/skills/fact-check
  - .claude/skills/forge-pr
  - .claude/skills/hickey
  - .claude/skills/lowy
  - .claude/skills/ralph
  - .codex/agents/hickey.toml
  - .codex/agents/lowy.toml
  - .codex/hooks/agency/scripts/do-stop-guard.sh
  deployed_file_hashes:
    .claude/agents/hickey.md: sha256:edde9b0d3b27b947b7372f662b2e8652d136e0bb9af7924892b00450a1e586bc
    .claude/agents/lowy.md: sha256:a1c8e5ba115439bcfa0d7e331f96e71b2d690ff2e5fb9b824bb5f588eb43ac75
    .claude/commands/talk.md: sha256:30423c86208657540d909ecd9a5a0b7212550b292daaece4cd0df976675d6fb1
    .claude/hooks/agency/scripts/do-stop-guard.sh: sha256:b9d316555a1509eabb610d32cccdcd1dacaf926b2fd831a3178c30d283756d69
    .claude/rules/apm-sources.md: sha256:8707579e05e2a39f01278b2d225f3cb2ec97912c65c94aa57e5830954f98eab1
    .codex/agents/hickey.toml: sha256:f508bacedcac2916cf1e29a11f2ac161483ffc2acf182c8f1c00c26d14073c00
    .codex/agents/lowy.toml: sha256:c57b72c43687ef255a4490f65984fe556325cb9847a5626e43c2a7addea049e4
    .codex/hooks/agency/scripts/do-stop-guard.sh: sha256:b9d316555a1509eabb610d32cccdcd1dacaf926b2fd831a3178c30d283756d69
  content_hash: sha256:4f923948340d1045b46b86db32ff72789fad055778d951e4fe584b07e95ea46a
