{
  "nodes": {
    "check-flake": {
      "locked": {
        "lastModified": 1662502605,
        "narHash": "sha256-jAT55UhabAxLAVGanxjnNdzH2/oX2ZjLsL4i2jPIP+g=",
        "owner": "srid",
        "repo": "check-flake",
        "rev": "48a17393ed4fcd523399d6602c283775b5127295",
        "type": "github"
      },
      "original": {
        "owner": "srid",
        "repo": "check-flake",
        "type": "github"
      }
    },
    "ema": {
      "inputs": {
        "check-flake": "check-flake",
        "flake-parts": [
          "flake-parts"
        ],
        "flake-root": [
          "flake-root"
        ],
        "haskell-flake": [
          "haskell-flake"
        ],
        "nixpkgs": [
          "nixpkgs"
        ],
        "treefmt-nix": [
          "treefmt-nix"
        ]
      },
      "locked": {
        "lastModified": 1691619338,
        "narHash": "sha256-Nxx184m3caxW5z/EMjVZyuTGi8IPH1qTwMAzJBblWUA=",
        "owner": "srid",
        "repo": "ema",
        "rev": "de01c397e050434f41fc9a12fc40de264dc62c21",
        "type": "github"
      },
      "original": {
        "owner": "srid",
        "repo": "ema",
        "type": "github"
      }
    },
    "flake-parts": {
      "inputs": {
        "nixpkgs-lib": "nixpkgs-lib"
      },
      "locked": {
        "lastModified": 1690933134,
        "narHash": "sha256-ab989mN63fQZBFrkk4Q8bYxQCktuHmBIBqUG1jl6/FQ=",
        "owner": "hercules-ci",
        "repo": "flake-parts",
        "rev": "59cf3f1447cfc75087e7273b04b31e689a8599fb",
        "type": "github"
      },
      "original": {
        "owner": "hercules-ci",
        "repo": "flake-parts",
        "type": "github"
      }
    },
    "flake-root": {
      "locked": {
        "lastModified": 1680964220,
        "narHash": "sha256-dIdTYcf+KW9a4pKHsEbddvLVSfR1yiAJynzg2x0nfWg=",
        "owner": "srid",
        "repo": "flake-root",
        "rev": "f1c0b93d05bdbea6c011136ba1a135c80c5b326c",
        "type": "github"
      },
      "original": {
        "owner": "srid",
        "repo": "flake-root",
        "type": "github"
      }
    },
    "haskell-flake": {
      "locked": {
        "lastModified": 1691763544,
        "narHash": "sha256-QQsSI5VXm0bBijeGSXXNf4fyw76/XmN67NGbmTCx71s=",
        "owner": "srid",
        "repo": "haskell-flake",
        "rev": "f16e7ac05b1f22b66ef05b7fcc8a96281bb2b749",
        "type": "github"
      },
      "original": {
        "owner": "srid",
        "repo": "haskell-flake",
        "type": "github"
      }
    },
    "heist-extra": {
      "flake": false,
      "locked": {
        "lastModified": 1691619499,
        "narHash": "sha256-4e8v5t4FM99pdcPhohP3dAeGtsFnirbfYGpbr2+qWxI=",
        "owner": "srid",
        "repo": "heist-extra",
        "rev": "54ff970f733dd45b5509d1c4c298927b6241041b",
        "type": "github"
      },
      "original": {
        "owner": "srid",
        "repo": "heist-extra",
        "type": "github"
      }
    },
    "nixpkgs": {
      "locked": {
        "lastModified": 1692404241,
        "narHash": "sha256-TRZlFHtrQI6Kh8RFqnjBF2uNNi/c66ldB4WuIcrwMzg=",
        "owner": "nixos",
        "repo": "nixpkgs",
        "rev": "2f9286912cb215969ece465147badf6d07aa43fe",
        "type": "github"
      },
      "original": {
        "owner": "nixos",
        "ref": "nixpkgs-unstable",
        "repo": "nixpkgs",
        "type": "github"
      }
    },
    "nixpkgs-lib": {
      "locked": {
        "dir": "lib",
        "lastModified": 1690881714,
        "narHash": "sha256-h/nXluEqdiQHs1oSgkOOWF+j8gcJMWhwnZ9PFabN6q0=",
        "owner": "NixOS",
        "repo": "nixpkgs",
        "rev": "9e1960bc196baf6881340d53dccb203a951745a2",
        "type": "github"
      },
      "original": {
        "dir": "lib",
        "owner": "NixOS",
        "ref": "nixos-unstable",
        "repo": "nixpkgs",
        "type": "github"
      }
    },
    "nixpkgs-old": {
      "locked": {
        "lastModified": 1692414505,
        "narHash": "sha256-sSTuyR9JYSxmUcYcj0Jvw1hIq1tz/Canw9mK0hEJvnE=",
        "owner": "nixos",
        "repo": "nixpkgs",
        "rev": "4cdad15f34e6321a2f789b99d42815b9142ac2ba",
        "type": "github"
      },
      "original": {
        "owner": "nixos",
        "ref": "nixos-23.05",
        "repo": "nixpkgs",
        "type": "github"
      }
    },
    "root": {
      "inputs": {
        "ema": "ema",
        "flake-parts": "flake-parts",
        "flake-root": "flake-root",
        "haskell-flake": "haskell-flake",
        "heist-extra": "heist-extra",
        "nixpkgs": "nixpkgs",
        "nixpkgs-old": "nixpkgs-old",
        "systems": "systems",
        "treefmt-nix": "treefmt-nix",
        "unionmount": "unionmount"
      }
    },
    "systems": {
      "locked": {
        "lastModified": 1681028828,
        "narHash": "sha256-Vy1rq5AaRuLzOxct8nz4T6wlgyUR7zLU309k9mBC768=",
        "owner": "nix-systems",
        "repo": "default",
        "rev": "da67096a3b9bf56a91d16901293e51ba5b49a27e",
        "type": "github"
      },
      "original": {
        "owner": "nix-systems",
        "repo": "default",
        "type": "github"
      }
    },
    "treefmt-nix": {
      "inputs": {
        "nixpkgs": [
          "nixpkgs"
        ]
      },
      "locked": {
        "lastModified": 1692439133,
        "narHash": "sha256-l3Qlf32hNXGj+GCjBAGpO1eOkn12C2T0CiLTEY9vKqU=",
        "owner": "numtide",
        "repo": "treefmt-nix",
        "rev": "e7b4be4b8f07ad3df0d09898b2842e3f4b98cab8",
        "type": "github"
      },
      "original": {
        "owner": "numtide",
        "repo": "treefmt-nix",
        "type": "github"
      }
    },
    "unionmount": {
      "flake": false,
      "locked": {
        "lastModified": 1691619410,
        "narHash": "sha256-V9/OcGu9cy4kV9jta12A6w5BEj8awSEVYrXPpg8YckQ=",
        "owner": "srid",
        "repo": "unionmount",
        "rev": "ed73b627f88c8f021f41ba4b518ba41beff9df42",
        "type": "github"
      },
      "original": {
        "owner": "srid",
        "repo": "unionmount",
        "type": "github"
      }
    }
  },
  "root": "root",
  "version": 7
}
