{
  "nodes": {
    "ema": {
      "inputs": {
        "flake-compat": "flake-compat",
        "flake-utils": "flake-utils",
        "nixpkgs": "nixpkgs"
      },
      "locked": {
        "lastModified": 1630629767,
        "narHash": "sha256-6dqbGxR/zTMmmW3zGUd7PY+f6lDGZOmNkkg5rpifCLI=",
        "owner": "srid",
        "repo": "ema",
        "rev": "188d1faea09cae860c34eaa70df4e3f1bfa9cfa1",
        "type": "github"
      },
      "original": {
        "owner": "srid",
        "ref": "master",
        "repo": "ema",
        "type": "github"
      }
    },
    "flake-compat": {
      "flake": false,
      "locked": {
        "lastModified": 1606424373,
        "narHash": "sha256-oq8d4//CJOrVj+EcOaSXvMebvuTkmBJuT5tzlfewUnQ=",
        "owner": "edolstra",
        "repo": "flake-compat",
        "rev": "99f1c2157fba4bfe6211a321fd0ee43199025dbf",
        "type": "github"
      },
      "original": {
        "owner": "edolstra",
        "repo": "flake-compat",
        "type": "github"
      }
    },
    "flake-compat_2": {
      "flake": false,
      "locked": {
        "lastModified": 1627913399,
        "narHash": "sha256-hY8g6H2KFL8ownSiFeMOjwPC8P0ueXpCVEbxgda3pko=",
        "owner": "edolstra",
        "repo": "flake-compat",
        "rev": "12c64ca55c1014cdc1b16ed5a804aa8576601ff2",
        "type": "github"
      },
      "original": {
        "owner": "edolstra",
        "repo": "flake-compat",
        "type": "github"
      }
    },
    "flake-utils": {
      "locked": {
        "lastModified": 1618217525,
        "narHash": "sha256-WGrhVczjXTiswQaoxQ+0PTfbLNeOQM6M36zvLn78AYg=",
        "owner": "numtide",
        "repo": "flake-utils",
        "rev": "c6169a2772643c4a93a0b5ac1c61e296cba68544",
        "type": "github"
      },
      "original": {
        "owner": "numtide",
        "repo": "flake-utils",
        "type": "github"
      }
    },
    "flake-utils_2": {
      "locked": {
        "lastModified": 1623875721,
        "narHash": "sha256-A8BU7bjS5GirpAUv4QA+QnJ4CceLHkcXdRp4xITDB0s=",
        "owner": "numtide",
        "repo": "flake-utils",
        "rev": "f7e004a55b120c02ecb6219596820fcd32ca8772",
        "type": "github"
      },
      "original": {
        "owner": "numtide",
        "repo": "flake-utils",
        "type": "github"
      }
    },
    "heist": {
      "flake": false,
      "locked": {
        "lastModified": 1624205223,
        "narHash": "sha256-+bcrEKjB/kDRAqOunCD/cKBBVOJUTmY9RoCQ++I42oM=",
        "owner": "srid",
        "repo": "heist",
        "rev": "a8be6f93656f87199e03b9dfb9979dc061614108",
        "type": "github"
      },
      "original": {
        "owner": "srid",
        "ref": "emanote",
        "repo": "heist",
        "type": "github"
      }
    },
    "nixpkgs": {
      "locked": {
        "lastModified": 1630140382,
        "narHash": "sha256-ntXepAHFlAEtaYIU5EzckRUODeeMgpu1u2Yug+4LFNc=",
        "owner": "nixos",
        "repo": "nixpkgs",
        "rev": "08ef0f28e3a41424b92ba1d203de64257a9fca6a",
        "type": "github"
      },
      "original": {
        "owner": "nixos",
        "repo": "nixpkgs",
        "rev": "08ef0f28e3a41424b92ba1d203de64257a9fca6a",
        "type": "github"
      }
    },
    "pandoc-link-context": {
      "flake": false,
      "locked": {
        "lastModified": 1629759974,
        "narHash": "sha256-jJeZajdPpfLo+oq6cMhzQlluULMxhKSzpKjXVjVjgfM=",
        "owner": "srid",
        "repo": "pandoc-link-context",
        "rev": "71e4061789884bc3030a9686add9b7fa58aea14e",
        "type": "github"
      },
      "original": {
        "owner": "srid",
        "repo": "pandoc-link-context",
        "type": "github"
      }
    },
    "root": {
      "inputs": {
        "ema": "ema",
        "flake-compat": "flake-compat_2",
        "flake-utils": "flake-utils_2",
        "heist": "heist",
        "nixpkgs": [
          "ema",
          "nixpkgs"
        ],
        "pandoc-link-context": "pandoc-link-context",
        "tagtree": "tagtree",
        "windicss": "windicss"
      }
    },
    "tagtree": {
      "flake": false,
      "locked": {
        "lastModified": 1624654230,
        "narHash": "sha256-/oMuPj360ZAXFJwTwoDFKKwn5jfIbsl7+IBPDFv5oEE=",
        "owner": "srid",
        "repo": "tagtree",
        "rev": "667c5a5073eddb8ddd875726b1fb6c41e09f0591",
        "type": "github"
      },
      "original": {
        "owner": "srid",
        "repo": "tagtree",
        "type": "github"
      }
    },
    "windicss": {
      "flake": false,
      "locked": {
        "lastModified": 1625250934,
        "narHash": "sha256-iIhdu7uez4F57VUW6Rj3dP1vPOeKTl+kp8qo4aIyH8g=",
        "owner": "srid",
        "repo": "windicss-nix",
        "rev": "d96ae0137d56fffa62e53a1815d318cd5f37c987",
        "type": "github"
      },
      "original": {
        "owner": "srid",
        "repo": "windicss-nix",
        "type": "github"
      }
    }
  },
  "root": "root",
  "version": 7
}
