{
  "nodes": {
    "commonmark-simple": {
      "flake": false,
      "locked": {
        "lastModified": 1705078713,
        "narHash": "sha256-YgDHJG8M47ZXGLWu8o7MhXbIrgQ0Ai32Gr8nKvZGGw8=",
        "owner": "srid",
        "repo": "commonmark-simple",
        "rev": "fc106c94f781f6a35ef66900880edc08cbe3b034",
        "type": "github"
      },
      "original": {
        "owner": "srid",
        "repo": "commonmark-simple",
        "type": "github"
      }
    },
    "commonmark-simple_2": {
      "flake": false,
      "locked": {
        "lastModified": 1705078713,
        "narHash": "sha256-YgDHJG8M47ZXGLWu8o7MhXbIrgQ0Ai32Gr8nKvZGGw8=",
        "owner": "srid",
        "repo": "commonmark-simple",
        "rev": "fc106c94f781f6a35ef66900880edc08cbe3b034",
        "type": "github"
      },
      "original": {
        "owner": "srid",
        "repo": "commonmark-simple",
        "type": "github"
      }
    },
    "commonmark-wikilink": {
      "flake": false,
      "locked": {
        "lastModified": 1705502834,
        "narHash": "sha256-79fzI4fPhCkfusDXctQwwmjIcWMrLfTvUtKBY32asuM=",
        "owner": "srid",
        "repo": "commonmark-wikilink",
        "rev": "f6d7bdf7f1fce09ba2a4259b0306b0eef24c0cf7",
        "type": "github"
      },
      "original": {
        "owner": "srid",
        "repo": "commonmark-wikilink",
        "type": "github"
      }
    },
    "commonmark-wikilink_2": {
      "flake": false,
      "locked": {
        "lastModified": 1705502834,
        "narHash": "sha256-79fzI4fPhCkfusDXctQwwmjIcWMrLfTvUtKBY32asuM=",
        "owner": "srid",
        "repo": "commonmark-wikilink",
        "rev": "f6d7bdf7f1fce09ba2a4259b0306b0eef24c0cf7",
        "type": "github"
      },
      "original": {
        "owner": "srid",
        "repo": "commonmark-wikilink",
        "type": "github"
      }
    },
    "ema": {
      "inputs": {
        "emanote": "emanote",
        "flake-parts": [
          "flake-parts"
        ],
        "flake-root": [
          "flake-root"
        ],
        "haskell-flake": [
          "haskell-flake"
        ],
        "nixpkgs": [
          "nixpkgs"
        ],
        "treefmt-nix": [
          "treefmt-nix"
        ]
      },
      "locked": {
        "lastModified": 1710101403,
        "narHash": "sha256-7n+2ekoXM5ltDoirVyCX3Ob94dm7L8SllI1JMmFmeGA=",
        "owner": "srid",
        "repo": "ema",
        "rev": "51566e4155602b0a243a369b37dc503ebdebabce",
        "type": "github"
      },
      "original": {
        "owner": "srid",
        "repo": "ema",
        "type": "github"
      }
    },
    "ema_2": {
      "inputs": {
        "flake-parts": [
          "ema",
          "emanote",
          "flake-parts"
        ],
        "flake-root": [
          "ema",
          "emanote",
          "flake-root"
        ],
        "haskell-flake": [
          "ema",
          "emanote",
          "haskell-flake"
        ],
        "nixpkgs": [
          "ema",
          "emanote",
          "nixpkgs"
        ],
        "treefmt-nix": [
          "ema",
          "emanote",
          "treefmt-nix"
        ]
      },
      "locked": {
        "lastModified": 1707484760,
        "narHash": "sha256-2wHRjoFJUpVnH7H/80bnaw8h3WELZqP9dM6DfjXWtAo=",
        "owner": "srid",
        "repo": "ema",
        "rev": "e3539ddd27b72a6bb90c8614ae63c70ff3351936",
        "type": "github"
      },
      "original": {
        "owner": "srid",
        "repo": "ema",
        "type": "github"
      }
    },
    "emanote": {
      "inputs": {
        "commonmark-simple": "commonmark-simple_2",
        "commonmark-wikilink": "commonmark-wikilink_2",
        "ema": "ema_2",
        "emanote-template": "emanote-template",
        "flake-parts": "flake-parts",
        "flake-root": "flake-root",
        "haskell-flake": "haskell-flake",
        "heist-extra": "heist-extra",
        "nixpkgs": "nixpkgs",
        "systems": "systems",
        "treefmt-nix": "treefmt-nix",
        "unionmount": "unionmount"
      },
      "locked": {
        "lastModified": 1709754457,
        "narHash": "sha256-JBpIQsCSaQzLY5LnCO9xj3O7nnv0ekgO1ZTSkevRfi4=",
        "owner": "srid",
        "repo": "emanote",
        "rev": "922f79430416b09e91d735a27b01ddbb48ef7b83",
        "type": "github"
      },
      "original": {
        "owner": "srid",
        "repo": "emanote",
        "type": "github"
      }
    },
    "emanote-template": {
      "flake": false,
      "locked": {
        "lastModified": 1703877265,
        "narHash": "sha256-2xdikzzHrIHr1s2pAJrBJU8mZP258Na3V4P4RWteDZM=",
        "owner": "srid",
        "repo": "emanote-template",
        "rev": "9d458b63c80162519ae55814e60f17cc9d3f95a3",
        "type": "github"
      },
      "original": {
        "owner": "srid",
        "repo": "emanote-template",
        "type": "github"
      }
    },
    "emanote-template_2": {
      "flake": false,
      "locked": {
        "lastModified": 1710335629,
        "narHash": "sha256-e/0nACrHinWMy5++y2/B49TJxMtjJTVlBpDYSyWkgLg=",
        "owner": "srid",
        "repo": "emanote-template",
        "rev": "c1245f5a214f4cc4881dbaf1f61f05ffd79de607",
        "type": "github"
      },
      "original": {
        "owner": "srid",
        "repo": "emanote-template",
        "type": "github"
      }
    },
    "flake-parts": {
      "inputs": {
        "nixpkgs-lib": "nixpkgs-lib"
      },
      "locked": {
        "lastModified": 1704982712,
        "narHash": "sha256-2Ptt+9h8dczgle2Oo6z5ni5rt/uLMG47UFTR1ry/wgg=",
        "owner": "hercules-ci",
        "repo": "flake-parts",
        "rev": "07f6395285469419cf9d078f59b5b49993198c00",
        "type": "github"
      },
      "original": {
        "owner": "hercules-ci",
        "repo": "flake-parts",
        "type": "github"
      }
    },
    "flake-parts_2": {
      "inputs": {
        "nixpkgs-lib": "nixpkgs-lib_2"
      },
      "locked": {
        "lastModified": 1704982712,
        "narHash": "sha256-2Ptt+9h8dczgle2Oo6z5ni5rt/uLMG47UFTR1ry/wgg=",
        "owner": "hercules-ci",
        "repo": "flake-parts",
        "rev": "07f6395285469419cf9d078f59b5b49993198c00",
        "type": "github"
      },
      "original": {
        "owner": "hercules-ci",
        "repo": "flake-parts",
        "type": "github"
      }
    },
    "flake-parts_3": {
      "inputs": {
        "nixpkgs-lib": "nixpkgs-lib_3"
      },
      "locked": {
        "lastModified": 1706830856,
        "narHash": "sha256-a0NYyp+h9hlb7ddVz4LUn1vT/PLwqfrWYcHMvFB1xYg=",
        "owner": "hercules-ci",
        "repo": "flake-parts",
        "rev": "b253292d9c0a5ead9bc98c4e9a26c6312e27d69f",
        "type": "github"
      },
      "original": {
        "owner": "hercules-ci",
        "repo": "flake-parts",
        "type": "github"
      }
    },
    "flake-parts_4": {
      "inputs": {
        "nixpkgs-lib": "nixpkgs-lib_4"
      },
      "locked": {
        "lastModified": 1704152458,
        "narHash": "sha256-DS+dGw7SKygIWf9w4eNBUZsK+4Ug27NwEWmn2tnbycg=",
        "owner": "hercules-ci",
        "repo": "flake-parts",
        "rev": "88a2cd8166694ba0b6cb374700799cec53aef527",
        "type": "github"
      },
      "original": {
        "owner": "hercules-ci",
        "repo": "flake-parts",
        "type": "github"
      }
    },
    "flake-parts_5": {
      "inputs": {
        "nixpkgs-lib": "nixpkgs-lib_5"
      },
      "locked": {
        "lastModified": 1706830856,
        "narHash": "sha256-a0NYyp+h9hlb7ddVz4LUn1vT/PLwqfrWYcHMvFB1xYg=",
        "owner": "hercules-ci",
        "repo": "flake-parts",
        "rev": "b253292d9c0a5ead9bc98c4e9a26c6312e27d69f",
        "type": "github"
      },
      "original": {
        "owner": "hercules-ci",
        "repo": "flake-parts",
        "type": "github"
      }
    },
    "flake-parts_6": {
      "inputs": {
        "nixpkgs-lib": "nixpkgs-lib_6"
      },
      "locked": {
        "lastModified": 1706830856,
        "narHash": "sha256-a0NYyp+h9hlb7ddVz4LUn1vT/PLwqfrWYcHMvFB1xYg=",
        "owner": "hercules-ci",
        "repo": "flake-parts",
        "rev": "b253292d9c0a5ead9bc98c4e9a26c6312e27d69f",
        "type": "github"
      },
      "original": {
        "owner": "hercules-ci",
        "repo": "flake-parts",
        "type": "github"
      }
    },
    "flake-parts_7": {
      "inputs": {
        "nixpkgs-lib": "nixpkgs-lib_7"
      },
      "locked": {
        "lastModified": 1706830856,
        "narHash": "sha256-a0NYyp+h9hlb7ddVz4LUn1vT/PLwqfrWYcHMvFB1xYg=",
        "owner": "hercules-ci",
        "repo": "flake-parts",
        "rev": "b253292d9c0a5ead9bc98c4e9a26c6312e27d69f",
        "type": "github"
      },
      "original": {
        "owner": "hercules-ci",
        "repo": "flake-parts",
        "type": "github"
      }
    },
    "flake-root": {
      "locked": {
        "lastModified": 1692742795,
        "narHash": "sha256-f+Y0YhVCIJ06LemO+3Xx00lIcqQxSKJHXT/yk1RTKxw=",
        "owner": "srid",
        "repo": "flake-root",
        "rev": "d9a70d9c7a5fd7f3258ccf48da9335e9b47c3937",
        "type": "github"
      },
      "original": {
        "owner": "srid",
        "repo": "flake-root",
        "type": "github"
      }
    },
    "flake-root_2": {
      "locked": {
        "lastModified": 1692742795,
        "narHash": "sha256-f+Y0YhVCIJ06LemO+3Xx00lIcqQxSKJHXT/yk1RTKxw=",
        "owner": "srid",
        "repo": "flake-root",
        "rev": "d9a70d9c7a5fd7f3258ccf48da9335e9b47c3937",
        "type": "github"
      },
      "original": {
        "owner": "srid",
        "repo": "flake-root",
        "type": "github"
      }
    },
    "flake-utils": {
      "inputs": {
        "systems": "systems_2"
      },
      "locked": {
        "lastModified": 1705309234,
        "narHash": "sha256-uNRRNRKmJyCRC/8y1RqBkqWBLM034y4qN7EprSdmgyA=",
        "owner": "numtide",
        "repo": "flake-utils",
        "rev": "1ef2e671c3b0c19053962c07dbda38332dcebf26",
        "type": "github"
      },
      "original": {
        "owner": "numtide",
        "repo": "flake-utils",
        "type": "github"
      }
    },
    "fourmolu-nix": {
      "locked": {
        "lastModified": 1707266073,
        "narHash": "sha256-tCFzZQJicDdYjnuJiNK4hiiRAH7c2wQzMhOCdUMbVKE=",
        "owner": "jedimahdi",
        "repo": "fourmolu-nix",
        "rev": "717f5a91b0d7b97b1be7ecc3a0fd42d37ffe1c9b",
        "type": "github"
      },
      "original": {
        "owner": "jedimahdi",
        "repo": "fourmolu-nix",
        "type": "github"
      }
    },
    "haskell-flake": {
      "locked": {
        "lastModified": 1709233214,
        "narHash": "sha256-kraFY5MmY7yxsEtSF8qPrFVmA6MXkF+sJfo7EV1dcY8=",
        "owner": "srid",
        "repo": "haskell-flake",
        "rev": "3a8c1b58cff60886260156a20a3b3ad725bbf885",
        "type": "github"
      },
      "original": {
        "owner": "srid",
        "repo": "haskell-flake",
        "type": "github"
      }
    },
    "haskell-flake_2": {
      "locked": {
        "lastModified": 1710366817,
        "narHash": "sha256-ZhsDYmmCB/XVTjovbaOuLkLtbCRqS1UdVDAlc0qiS0Q=",
        "owner": "srid",
        "repo": "haskell-flake",
        "rev": "00d1850d10614e9ba7caf3b78aabd7975e48d848",
        "type": "github"
      },
      "original": {
        "owner": "srid",
        "repo": "haskell-flake",
        "type": "github"
      }
    },
    "haskell-flake_3": {
      "locked": {
        "lastModified": 1710366817,
        "narHash": "sha256-ZhsDYmmCB/XVTjovbaOuLkLtbCRqS1UdVDAlc0qiS0Q=",
        "owner": "srid",
        "repo": "haskell-flake",
        "rev": "00d1850d10614e9ba7caf3b78aabd7975e48d848",
        "type": "github"
      },
      "original": {
        "owner": "srid",
        "repo": "haskell-flake",
        "type": "github"
      }
    },
    "haskell-template": {
      "inputs": {
        "flake-parts": "flake-parts_3",
        "fourmolu-nix": "fourmolu-nix",
        "haskell-flake": "haskell-flake_3",
        "horizon-devtools": "horizon-devtools",
        "horizon-platform": "horizon-platform",
        "nixpkgs": "nixpkgs_7",
        "systems": "systems_3",
        "treefmt-nix": "treefmt-nix_2"
      },
      "locked": {
        "lastModified": 1710682479,
        "narHash": "sha256-NE+0HNlooCxRlK2ch+x+7hizx9OxyiKwLEiqqpjaA0o=",
        "owner": "locallycompact",
        "repo": "haskell-template",
        "rev": "8a4cceb5868f89eacf4dc49648b6479cf7932125",
        "type": "github"
      },
      "original": {
        "owner": "locallycompact",
        "repo": "haskell-template",
        "type": "github"
      }
    },
    "heist-extra": {
      "flake": false,
      "locked": {
        "lastModified": 1706086475,
        "narHash": "sha256-scXMVFKSaS4Wi4y6I84oPKHaTmLECsvq8eLxGL0XH5o=",
        "owner": "srid",
        "repo": "heist-extra",
        "rev": "c6d8ef79b415fab276fb461d5860bbf2628e6e43",
        "type": "github"
      },
      "original": {
        "owner": "srid",
        "repo": "heist-extra",
        "type": "github"
      }
    },
    "heist-extra_2": {
      "flake": false,
      "locked": {
        "lastModified": 1706086475,
        "narHash": "sha256-scXMVFKSaS4Wi4y6I84oPKHaTmLECsvq8eLxGL0XH5o=",
        "owner": "srid",
        "repo": "heist-extra",
        "rev": "c6d8ef79b415fab276fb461d5860bbf2628e6e43",
        "type": "github"
      },
      "original": {
        "owner": "srid",
        "repo": "heist-extra",
        "type": "github"
      }
    },
    "horizon-advance": {
      "inputs": {
        "flake-utils": "flake-utils",
        "horizon-core": "horizon-core_2",
        "nixpkgs": "nixpkgs_5"
      },
      "locked": {
        "lastModified": 1708781115,
        "narHash": "sha256-faeJOYHrFvVL21RDsDplmX8XTK6nEH9Co3Bv06TlEms=",
        "ref": "lts/ghc-9.6.x",
        "rev": "c99e5f0f4635f5ab087f821775d018cce82c21b5",
        "revCount": 165,
        "type": "git",
        "url": "https://gitlab.horizon-haskell.net/package-sets/horizon-advance"
      },
      "original": {
        "ref": "lts/ghc-9.6.x",
        "type": "git",
        "url": "https://gitlab.horizon-haskell.net/package-sets/horizon-advance"
      }
    },
    "horizon-core": {
      "inputs": {
        "flake-parts": "flake-parts_5",
        "nixpkgs": "nixpkgs_2"
      },
      "locked": {
        "lastModified": 1708779769,
        "narHash": "sha256-qYkXoIgBr9YdSEFqzeyVU4y3jexGta7PSdp61/V+AQo=",
        "ref": "lts/ghc-9.6.x",
        "rev": "db1bd7ea51f239cad5dd7fa68c98e1ef4791c87f",
        "revCount": 1255,
        "type": "git",
        "url": "https://gitlab.horizon-haskell.net/package-sets/horizon-core"
      },
      "original": {
        "ref": "lts/ghc-9.6.x",
        "type": "git",
        "url": "https://gitlab.horizon-haskell.net/package-sets/horizon-core"
      }
    },
    "horizon-core_2": {
      "inputs": {
        "flake-parts": "flake-parts_7",
        "nixpkgs": "nixpkgs_4"
      },
      "locked": {
        "lastModified": 1708779769,
        "narHash": "sha256-qYkXoIgBr9YdSEFqzeyVU4y3jexGta7PSdp61/V+AQo=",
        "ref": "lts/ghc-9.6.x",
        "rev": "db1bd7ea51f239cad5dd7fa68c98e1ef4791c87f",
        "revCount": 1255,
        "type": "git",
        "url": "https://gitlab.horizon-haskell.net/package-sets/horizon-core"
      },
      "original": {
        "ref": "lts/ghc-9.6.x",
        "type": "git",
        "url": "https://gitlab.horizon-haskell.net/package-sets/horizon-core"
      }
    },
    "horizon-devtools": {
      "inputs": {
        "flake-parts": "flake-parts_4",
        "horizon-core": "horizon-core",
        "horizon-hoogle": "horizon-hoogle",
        "nixpkgs": "nixpkgs_3"
      },
      "locked": {
        "lastModified": 1708795865,
        "narHash": "sha256-qIh5BwQJaDBPJwzGNIgCrvkVI9tKxQwQ5LTidONEjsI=",
        "ref": "lts/ghc-9.6.x",
        "rev": "25eadfe744adb5cc9028c8bee14044b8f9451a69",
        "revCount": 1217,
        "type": "git",
        "url": "https://gitlab.horizon-haskell.net/package-sets/horizon-devtools"
      },
      "original": {
        "ref": "lts/ghc-9.6.x",
        "type": "git",
        "url": "https://gitlab.horizon-haskell.net/package-sets/horizon-devtools"
      }
    },
    "horizon-hoogle": {
      "locked": {
        "lastModified": 1701521742,
        "narHash": "sha256-huf/95jYL7mY0AHSziJYXx4m/sP+G+YAbJb+Q5Ph/Jg=",
        "ref": "refs/heads/master",
        "rev": "ddf3b08c6458c1a9e0d881f968c050bc828b9b8e",
        "revCount": 2,
        "type": "git",
        "url": "https://gitlab.horizon-haskell.net/nix/horizon-hoogle"
      },
      "original": {
        "type": "git",
        "url": "https://gitlab.horizon-haskell.net/nix/horizon-hoogle"
      }
    },
    "horizon-hoogle_2": {
      "locked": {
        "lastModified": 1701521742,
        "narHash": "sha256-huf/95jYL7mY0AHSziJYXx4m/sP+G+YAbJb+Q5Ph/Jg=",
        "ref": "refs/heads/master",
        "rev": "ddf3b08c6458c1a9e0d881f968c050bc828b9b8e",
        "revCount": 2,
        "type": "git",
        "url": "https://gitlab.horizon-haskell.net/nix/horizon-hoogle"
      },
      "original": {
        "type": "git",
        "url": "https://gitlab.horizon-haskell.net/nix/horizon-hoogle"
      }
    },
    "horizon-platform": {
      "inputs": {
        "flake-parts": "flake-parts_6",
        "horizon-advance": "horizon-advance",
        "horizon-hoogle": "horizon-hoogle_2",
        "nixpkgs": "nixpkgs_6"
      },
      "locked": {
        "lastModified": 1709053061,
        "narHash": "sha256-Pm91C3lIu6z3Spj/rPJyXk/7zYrNIrqympaeHVRUMjQ=",
        "ref": "lts/ghc-9.6.x",
        "rev": "b141e389a5501294f053ef17206d387d87a9a2ee",
        "revCount": 1271,
        "type": "git",
        "url": "https://gitlab.horizon-haskell.net/package-sets/horizon-platform"
      },
      "original": {
        "ref": "lts/ghc-9.6.x",
        "type": "git",
        "url": "https://gitlab.horizon-haskell.net/package-sets/horizon-platform"
      }
    },
    "nixpkgs": {
      "locked": {
        "lastModified": 1704842529,
        "narHash": "sha256-OTeQA+F8d/Evad33JMfuXC89VMetQbsU4qcaePchGr4=",
        "owner": "nixos",
        "repo": "nixpkgs",
        "rev": "eabe8d3eface69f5bb16c18f8662a702f50c20d5",
        "type": "github"
      },
      "original": {
        "owner": "nixos",
        "ref": "nixpkgs-unstable",
        "repo": "nixpkgs",
        "type": "github"
      }
    },
    "nixpkgs-lib": {
      "locked": {
        "dir": "lib",
        "lastModified": 1703961334,
        "narHash": "sha256-M1mV/Cq+pgjk0rt6VxoyyD+O8cOUiai8t9Q6Yyq4noY=",
        "owner": "NixOS",
        "repo": "nixpkgs",
        "rev": "b0d36bd0a420ecee3bc916c91886caca87c894e9",
        "type": "github"
      },
      "original": {
        "dir": "lib",
        "owner": "NixOS",
        "ref": "nixos-unstable",
        "repo": "nixpkgs",
        "type": "github"
      }
    },
    "nixpkgs-lib_2": {
      "locked": {
        "dir": "lib",
        "lastModified": 1703961334,
        "narHash": "sha256-M1mV/Cq+pgjk0rt6VxoyyD+O8cOUiai8t9Q6Yyq4noY=",
        "owner": "NixOS",
        "repo": "nixpkgs",
        "rev": "b0d36bd0a420ecee3bc916c91886caca87c894e9",
        "type": "github"
      },
      "original": {
        "dir": "lib",
        "owner": "NixOS",
        "ref": "nixos-unstable",
        "repo": "nixpkgs",
        "type": "github"
      }
    },
    "nixpkgs-lib_3": {
      "locked": {
        "dir": "lib",
        "lastModified": 1706550542,
        "narHash": "sha256-UcsnCG6wx++23yeER4Hg18CXWbgNpqNXcHIo5/1Y+hc=",
        "owner": "NixOS",
        "repo": "nixpkgs",
        "rev": "97b17f32362e475016f942bbdfda4a4a72a8a652",
        "type": "github"
      },
      "original": {
        "dir": "lib",
        "owner": "NixOS",
        "ref": "nixos-unstable",
        "repo": "nixpkgs",
        "type": "github"
      }
    },
    "nixpkgs-lib_4": {
      "locked": {
        "dir": "lib",
        "lastModified": 1703961334,
        "narHash": "sha256-M1mV/Cq+pgjk0rt6VxoyyD+O8cOUiai8t9Q6Yyq4noY=",
        "owner": "NixOS",
        "repo": "nixpkgs",
        "rev": "b0d36bd0a420ecee3bc916c91886caca87c894e9",
        "type": "github"
      },
      "original": {
        "dir": "lib",
        "owner": "NixOS",
        "ref": "nixos-unstable",
        "repo": "nixpkgs",
        "type": "github"
      }
    },
    "nixpkgs-lib_5": {
      "locked": {
        "dir": "lib",
        "lastModified": 1706550542,
        "narHash": "sha256-UcsnCG6wx++23yeER4Hg18CXWbgNpqNXcHIo5/1Y+hc=",
        "owner": "NixOS",
        "repo": "nixpkgs",
        "rev": "97b17f32362e475016f942bbdfda4a4a72a8a652",
        "type": "github"
      },
      "original": {
        "dir": "lib",
        "owner": "NixOS",
        "ref": "nixos-unstable",
        "repo": "nixpkgs",
        "type": "github"
      }
    },
    "nixpkgs-lib_6": {
      "locked": {
        "dir": "lib",
        "lastModified": 1706550542,
        "narHash": "sha256-UcsnCG6wx++23yeER4Hg18CXWbgNpqNXcHIo5/1Y+hc=",
        "owner": "NixOS",
        "repo": "nixpkgs",
        "rev": "97b17f32362e475016f942bbdfda4a4a72a8a652",
        "type": "github"
      },
      "original": {
        "dir": "lib",
        "owner": "NixOS",
        "ref": "nixos-unstable",
        "repo": "nixpkgs",
        "type": "github"
      }
    },
    "nixpkgs-lib_7": {
      "locked": {
        "dir": "lib",
        "lastModified": 1706550542,
        "narHash": "sha256-UcsnCG6wx++23yeER4Hg18CXWbgNpqNXcHIo5/1Y+hc=",
        "owner": "NixOS",
        "repo": "nixpkgs",
        "rev": "97b17f32362e475016f942bbdfda4a4a72a8a652",
        "type": "github"
      },
      "original": {
        "dir": "lib",
        "owner": "NixOS",
        "ref": "nixos-unstable",
        "repo": "nixpkgs",
        "type": "github"
      }
    },
    "nixpkgs_2": {
      "locked": {
        "lastModified": 1707956935,
        "narHash": "sha256-ZL2TrjVsiFNKOYwYQozpbvQSwvtV/3Me7Zwhmdsfyu4=",
        "owner": "nixos",
        "repo": "nixpkgs",
        "rev": "a4d4fe8c5002202493e87ec8dbc91335ff55552c",
        "type": "github"
      },
      "original": {
        "owner": "nixos",
        "ref": "nixos-unstable",
        "repo": "nixpkgs",
        "type": "github"
      }
    },
    "nixpkgs_3": {
      "locked": {
        "lastModified": 1704161960,
        "narHash": "sha256-QGua89Pmq+FBAro8NriTuoO/wNaUtugt29/qqA8zeeM=",
        "owner": "nixos",
        "repo": "nixpkgs",
        "rev": "63143ac2c9186be6d9da6035fa22620018c85932",
        "type": "github"
      },
      "original": {
        "owner": "nixos",
        "ref": "nixpkgs-unstable",
        "repo": "nixpkgs",
        "type": "github"
      }
    },
    "nixpkgs_4": {
      "locked": {
        "lastModified": 1707956935,
        "narHash": "sha256-ZL2TrjVsiFNKOYwYQozpbvQSwvtV/3Me7Zwhmdsfyu4=",
        "owner": "nixos",
        "repo": "nixpkgs",
        "rev": "a4d4fe8c5002202493e87ec8dbc91335ff55552c",
        "type": "github"
      },
      "original": {
        "owner": "nixos",
        "ref": "nixos-unstable",
        "repo": "nixpkgs",
        "type": "github"
      }
    },
    "nixpkgs_5": {
      "locked": {
        "lastModified": 1707546158,
        "narHash": "sha256-nYYJTpzfPMDxI8mzhQsYjIUX+grorqjKEU9Np6Xwy/0=",
        "owner": "nixos",
        "repo": "nixpkgs",
        "rev": "d934204a0f8d9198e1e4515dd6fec76a139c87f0",
        "type": "github"
      },
      "original": {
        "owner": "nixos",
        "ref": "nixos-unstable",
        "repo": "nixpkgs",
        "type": "github"
      }
    },
    "nixpkgs_6": {
      "locked": {
        "lastModified": 1708093448,
        "narHash": "sha256-gohEm3/NVyu7WINFhRf83yJH8UM2ie/KY9Iw3VN6fiE=",
        "owner": "nixos",
        "repo": "nixpkgs",
        "rev": "c7763249f02b7786b4ca36e13a4d7365cfba162f",
        "type": "github"
      },
      "original": {
        "owner": "nixos",
        "ref": "nixpkgs-unstable",
        "repo": "nixpkgs",
        "type": "github"
      }
    },
    "nixpkgs_7": {
      "locked": {
        "lastModified": 1709200309,
        "narHash": "sha256-lKdtMbhnBNU1lr978T+wEYet3sfIXXgyiDZNEgx8CV8=",
        "owner": "nixos",
        "repo": "nixpkgs",
        "rev": "ebe6e807793e7c9cc59cf81225fdee1a03413811",
        "type": "github"
      },
      "original": {
        "owner": "nixos",
        "ref": "nixpkgs-unstable",
        "repo": "nixpkgs",
        "type": "github"
      }
    },
    "nixpkgs_8": {
      "locked": {
        "lastModified": 1704842529,
        "narHash": "sha256-OTeQA+F8d/Evad33JMfuXC89VMetQbsU4qcaePchGr4=",
        "owner": "nixos",
        "repo": "nixpkgs",
        "rev": "eabe8d3eface69f5bb16c18f8662a702f50c20d5",
        "type": "github"
      },
      "original": {
        "owner": "nixos",
        "ref": "nixpkgs-unstable",
        "repo": "nixpkgs",
        "type": "github"
      }
    },
    "root": {
      "inputs": {
        "commonmark-simple": "commonmark-simple",
        "commonmark-wikilink": "commonmark-wikilink",
        "ema": "ema",
        "emanote-template": "emanote-template_2",
        "flake-parts": "flake-parts_2",
        "flake-root": "flake-root_2",
        "haskell-flake": "haskell-flake_2",
        "haskell-template": "haskell-template",
        "heist-extra": "heist-extra_2",
        "nixpkgs": "nixpkgs_8",
        "systems": "systems_4",
        "treefmt-nix": "treefmt-nix_3",
        "unionmount": "unionmount_2"
      }
    },
    "systems": {
      "locked": {
        "lastModified": 1681028828,
        "narHash": "sha256-Vy1rq5AaRuLzOxct8nz4T6wlgyUR7zLU309k9mBC768=",
        "owner": "nix-systems",
        "repo": "default",
        "rev": "da67096a3b9bf56a91d16901293e51ba5b49a27e",
        "type": "github"
      },
      "original": {
        "owner": "nix-systems",
        "repo": "default",
        "type": "github"
      }
    },
    "systems_2": {
      "locked": {
        "lastModified": 1681028828,
        "narHash": "sha256-Vy1rq5AaRuLzOxct8nz4T6wlgyUR7zLU309k9mBC768=",
        "owner": "nix-systems",
        "repo": "default",
        "rev": "da67096a3b9bf56a91d16901293e51ba5b49a27e",
        "type": "github"
      },
      "original": {
        "owner": "nix-systems",
        "repo": "default",
        "type": "github"
      }
    },
    "systems_3": {
      "locked": {
        "lastModified": 1681028828,
        "narHash": "sha256-Vy1rq5AaRuLzOxct8nz4T6wlgyUR7zLU309k9mBC768=",
        "owner": "nix-systems",
        "repo": "default",
        "rev": "da67096a3b9bf56a91d16901293e51ba5b49a27e",
        "type": "github"
      },
      "original": {
        "owner": "nix-systems",
        "repo": "default",
        "type": "github"
      }
    },
    "systems_4": {
      "locked": {
        "lastModified": 1681028828,
        "narHash": "sha256-Vy1rq5AaRuLzOxct8nz4T6wlgyUR7zLU309k9mBC768=",
        "owner": "nix-systems",
        "repo": "default",
        "rev": "da67096a3b9bf56a91d16901293e51ba5b49a27e",
        "type": "github"
      },
      "original": {
        "owner": "nix-systems",
        "repo": "default",
        "type": "github"
      }
    },
    "treefmt-nix": {
      "inputs": {
        "nixpkgs": [
          "ema",
          "emanote",
          "nixpkgs"
        ]
      },
      "locked": {
        "lastModified": 1693468138,
        "narHash": "sha256-DddblCahuTW8K0ncPOheTlG3igE8b15LJjafF1PWhOo=",
        "owner": "numtide",
        "repo": "treefmt-nix",
        "rev": "6930a5ba0a722385baf273885a03f561dcb1af67",
        "type": "github"
      },
      "original": {
        "owner": "numtide",
        "repo": "treefmt-nix",
        "type": "github"
      }
    },
    "treefmt-nix_2": {
      "inputs": {
        "nixpkgs": [
          "haskell-template",
          "nixpkgs"
        ]
      },
      "locked": {
        "lastModified": 1708897213,
        "narHash": "sha256-QECZB+Hgz/2F/8lWvHNk05N6NU/rD9bWzuNn6Cv8oUk=",
        "owner": "numtide",
        "repo": "treefmt-nix",
        "rev": "e497a9ddecff769c2a7cbab51e1ed7a8501e7a3a",
        "type": "github"
      },
      "original": {
        "owner": "numtide",
        "repo": "treefmt-nix",
        "type": "github"
      }
    },
    "treefmt-nix_3": {
      "inputs": {
        "nixpkgs": [
          "nixpkgs"
        ]
      },
      "locked": {
        "lastModified": 1693468138,
        "narHash": "sha256-DddblCahuTW8K0ncPOheTlG3igE8b15LJjafF1PWhOo=",
        "owner": "numtide",
        "repo": "treefmt-nix",
        "rev": "6930a5ba0a722385baf273885a03f561dcb1af67",
        "type": "github"
      },
      "original": {
        "owner": "numtide",
        "repo": "treefmt-nix",
        "type": "github"
      }
    },
    "unionmount": {
      "flake": false,
      "locked": {
        "lastModified": 1691619410,
        "narHash": "sha256-V9/OcGu9cy4kV9jta12A6w5BEj8awSEVYrXPpg8YckQ=",
        "owner": "srid",
        "repo": "unionmount",
        "rev": "ed73b627f88c8f021f41ba4b518ba41beff9df42",
        "type": "github"
      },
      "original": {
        "owner": "srid",
        "repo": "unionmount",
        "type": "github"
      }
    },
    "unionmount_2": {
      "flake": false,
      "locked": {
        "lastModified": 1710078535,
        "narHash": "sha256-gKBgBtuiRTD3/3EeY8aMgFzuaSEffJacBxsCB3ct1eg=",
        "owner": "srid",
        "repo": "unionmount",
        "rev": "41ae982fa118770bf4d3a3f2d48ac1ffb61c9f09",
        "type": "github"
      },
      "original": {
        "owner": "srid",
        "repo": "unionmount",
        "type": "github"
      }
    }
  },
  "root": "root",
  "version": 7
}
